// !$*UTF8*$!
{
	archiveVersion = 1;
	classes = {
	};
	objectVersion = 55;
	objects = {

/* Begin PBXBuildFile section */
		802FFC8C27F7A953007BFCF3 /* ArtistPage.swift in Sources */ = {isa = PBXBuildFile; fileRef = 802FFC8B27F7A953007BFCF3 /* ArtistPage.swift */; };
		802FFC8E27F7B026007BFCF3 /* ArtistHome.swift in Sources */ = {isa = PBXBuildFile; fileRef = 802FFC8D27F7B026007BFCF3 /* ArtistHome.swift */; };
		8082E0E527F3C10600C54E4F /* ExtensionOnView.swift in Sources */ = {isa = PBXBuildFile; fileRef = 8082E0E427F3C10600C54E4F /* ExtensionOnView.swift */; };
		8082E0E727F3C1D700C54E4F /* ExtensionOnColor.swift in Sources */ = {isa = PBXBuildFile; fileRef = 8082E0E627F3C1D700C54E4F /* ExtensionOnColor.swift */; };
		8082E0E927F3D13D00C54E4F /* Home.swift in Sources */ = {isa = PBXBuildFile; fileRef = 8082E0E827F3D13D00C54E4F /* Home.swift */; };
		8097351227F689A200115C16 /* ExtensionOnLinearGradient.swift in Sources */ = {isa = PBXBuildFile; fileRef = 8097351127F689A200115C16 /* ExtensionOnLinearGradient.swift */; };
		80AC5EEB27F9032D005765E0 /* OffsetModifier.swift in Sources */ = {isa = PBXBuildFile; fileRef = 80AC5EEA27F9032D005765E0 /* OffsetModifier.swift */; };
		80D49BE027F28D75000B9191 /* RoddiMobileMusicApp.swift in Sources */ = {isa = PBXBuildFile; fileRef = 80D49BDF27F28D75000B9191 /* RoddiMobileMusicApp.swift */; };
		80D49BE227F28D75000B9191 /* MusicStackView.swift in Sources */ = {isa = PBXBuildFile; fileRef = 80D49BE127F28D75000B9191 /* MusicStackView.swift */; };
		80D49BE427F28D76000B9191 /* Assets.xcassets in Resources */ = {isa = PBXBuildFile; fileRef = 80D49BE327F28D76000B9191 /* Assets.xcassets */; };
		80D49BE727F28D76000B9191 /* Preview Assets.xcassets in Resources */ = {isa = PBXBuildFile; fileRef = 80D49BE627F28D76000B9191 /* Preview Assets.xcassets */; };
		80D49BF027F2924F000B9191 /* Album.swift in Sources */ = {isa = PBXBuildFile; fileRef = 80D49BEF27F2924F000B9191 /* Album.swift */; };
/* End PBXBuildFile section */

/* Begin PBXFileReference section */
		802FFC8B27F7A953007BFCF3 /* ArtistPage.swift */ = {isa = PBXFileReference; lastKnownFileType = sourcecode.swift; path = ArtistPage.swift; sourceTree = "<group>"; };
		802FFC8D27F7B026007BFCF3 /* ArtistHome.swift */ = {isa = PBXFileReference; lastKnownFileType = sourcecode.swift; path = ArtistHome.swift; sourceTree = "<group>"; };
		8082E0E427F3C10600C54E4F /* ExtensionOnView.swift */ = {isa = PBXFileReference; lastKnownFileType = sourcecode.swift; path = ExtensionOnView.swift; sourceTree = "<group>"; };
		8082E0E627F3C1D700C54E4F /* ExtensionOnColor.swift */ = {isa = PBXFileReference; lastKnownFileType = sourcecode.swift; path = ExtensionOnColor.swift; sourceTree = "<group>"; };
		8082E0E827F3D13D00C54E4F /* Home.swift */ = {isa = PBXFileReference; lastKnownFileType = sourcecode.swift; path = Home.swift; sourceTree = "<group>"; };
		8097351127F689A200115C16 /* ExtensionOnLinearGradient.swift */ = {isa = PBXFileReference; lastKnownFileType = sourcecode.swift; path = ExtensionOnLinearGradient.swift; sourceTree = "<group>"; };
		80AC5EEA27F9032D005765E0 /* OffsetModifier.swift */ = {isa = PBXFileReference; lastKnownFileType = sourcecode.swift; path = OffsetModifier.swift; sourceTree = "<group>"; };
		80D49BDC27F28D75000B9191 /* RoddiMobileMusic.app */ = {isa = PBXFileReference; explicitFileType = wrapper.application; includeInIndex = 0; path = RoddiMobileMusic.app; sourceTree = BUILT_PRODUCTS_DIR; };
		80D49BDF27F28D75000B9191 /* RoddiMobileMusicApp.swift */ = {isa = PBXFileReference; lastKnownFileType = sourcecode.swift; path = RoddiMobileMusicApp.swift; sourceTree = "<group>"; };
		80D49BE127F28D75000B9191 /* MusicStackView.swift */ = {isa = PBXFileReference; lastKnownFileType = sourcecode.swift; path = MusicStackView.swift; sourceTree = "<group>"; };
		80D49BE327F28D76000B9191 /* Assets.xcassets */ = {isa = PBXFileReference; lastKnownFileType = folder.assetcatalog; path = Assets.xcassets; sourceTree = "<group>"; };
		80D49BE627F28D76000B9191 /* Preview Assets.xcassets */ = {isa = PBXFileReference; lastKnownFileType = folder.assetcatalog; path = "Preview Assets.xcassets"; sourceTree = "<group>"; };
		80D49BEF27F2924F000B9191 /* Album.swift */ = {isa = PBXFileReference; lastKnownFileType = sourcecode.swift; path = Album.swift; sourceTree = "<group>"; };
/* End PBXFileReference section */

/* Begin PBXFrameworksBuildPhase section */
		80D49BD927F28D75000B9191 /* Frameworks */ = {
			isa = PBXFrameworksBuildPhase;
			buildActionMask = 2147483647;
			files = (
			);
			runOnlyForDeploymentPostprocessing = 0;
		};
/* End PBXFrameworksBuildPhase section */

/* Begin PBXGroup section */
		802FFC8A27F69848007BFCF3 /* Styles */ = {
			isa = PBXGroup;
			children = (
			);
			path = Styles;
			sourceTree = "<group>";
		};
		8097351327F68A4200115C16 /* Extensions */ = {
			isa = PBXGroup;
			children = (
				8082E0E627F3C1D700C54E4F /* ExtensionOnColor.swift */,
				8097351127F689A200115C16 /* ExtensionOnLinearGradient.swift */,
				8082E0E427F3C10600C54E4F /* ExtensionOnView.swift */,
			);
			path = Extensions;
			sourceTree = "<group>";
		};
		80D49BD327F28D74000B9191 = {
			isa = PBXGroup;
			children = (
				80D49BDE27F28D75000B9191 /* RoddiMobileMusic */,
				80D49BDD27F28D75000B9191 /* Products */,
			);
			sourceTree = "<group>";
		};
		80D49BDD27F28D75000B9191 /* Products */ = {
			isa = PBXGroup;
			children = (
				80D49BDC27F28D75000B9191 /* RoddiMobileMusic.app */,
			);
			name = Products;
			sourceTree = "<group>";
		};
		80D49BDE27F28D75000B9191 /* RoddiMobileMusic */ = {
			isa = PBXGroup;
			children = (
				80D49BDF27F28D75000B9191 /* RoddiMobileMusicApp.swift */,
				802FFC8A27F69848007BFCF3 /* Styles */,
				8097351327F68A4200115C16 /* Extensions */,
				80D49BEE27F29123000B9191 /* Views */,
				80D49BED27F290CA000B9191 /* Model */,
				80D49BE327F28D76000B9191 /* Assets.xcassets */,
				80D49BE527F28D76000B9191 /* Preview Content */,
			);
			path = RoddiMobileMusic;
			sourceTree = "<group>";
		};
		80D49BE527F28D76000B9191 /* Preview Content */ = {
			isa = PBXGroup;
			children = (
				80D49BE627F28D76000B9191 /* Preview Assets.xcassets */,
			);
			path = "Preview Content";
			sourceTree = "<group>";
		};
		80D49BED27F290CA000B9191 /* Model */ = {
			isa = PBXGroup;
			children = (
				80D49BEF27F2924F000B9191 /* Album.swift */,
			);
			path = Model;
			sourceTree = "<group>";
		};
		80D49BEE27F29123000B9191 /* Views */ = {
			isa = PBXGroup;
			children = (
				80D49BE127F28D75000B9191 /* MusicStackView.swift */,
				8082E0E827F3D13D00C54E4F /* Home.swift */,
				802FFC8D27F7B026007BFCF3 /* ArtistHome.swift */,
				802FFC8B27F7A953007BFCF3 /* ArtistPage.swift */,
				80AC5EEA27F9032D005765E0 /* OffsetModifier.swift */,
			);
			path = Views;
			sourceTree = "<group>";
		};
/* End PBXGroup section */

/* Begin PBXNativeTarget section */
		80D49BDB27F28D75000B9191 /* RoddiMobileMusic */ = {
			isa = PBXNativeTarget;
			buildConfigurationList = 80D49BEA27F28D76000B9191 /* Build configuration list for PBXNativeTarget "RoddiMobileMusic" */;
			buildPhases = (
				80D49BD827F28D75000B9191 /* Sources */,
				80D49BD927F28D75000B9191 /* Frameworks */,
				80D49BDA27F28D75000B9191 /* Resources */,
			);
			buildRules = (
			);
			dependencies = (
			);
			name = RoddiMobileMusic;
			productName = RoddiMobileMusic;
			productReference = 80D49BDC27F28D75000B9191 /* RoddiMobileMusic.app */;
			productType = "com.apple.product-type.application";
		};
/* End PBXNativeTarget section */

/* Begin PBXProject section */
		80D49BD427F28D74000B9191 /* Project object */ = {
			isa = PBXProject;
			attributes = {
				BuildIndependentTargetsInParallel = 1;
				LastSwiftUpdateCheck = 1330;
				LastUpgradeCheck = 1330;
				TargetAttributes = {
					80D49BDB27F28D75000B9191 = {
						CreatedOnToolsVersion = 13.3;
					};
				};
			};
			buildConfigurationList = 80D49BD727F28D74000B9191 /* Build configuration list for PBXProject "RoddiMobileMusic" */;
			compatibilityVersion = "Xcode 13.0";
			developmentRegion = en;
			hasScannedForEncodings = 0;
			knownRegions = (
				en,
				Base,
			);
			mainGroup = 80D49BD327F28D74000B9191;
			productRefGroup = 80D49BDD27F28D75000B9191 /* Products */;
			projectDirPath = "";
			projectRoot = "";
			targets = (
				80D49BDB27F28D75000B9191 /* RoddiMobileMusic */,
			);
		};
/* End PBXProject section */

/* Begin PBXResourcesBuildPhase section */
		80D49BDA27F28D75000B9191 /* Resources */ = {
			isa = PBXResourcesBuildPhase;
			buildActionMask = 2147483647;
			files = (
				80D49BE727F28D76000B9191 /* Preview Assets.xcassets in Resources */,
				80D49BE427F28D76000B9191 /* Assets.xcassets in Resources */,
			);
			runOnlyForDeploymentPostprocessing = 0;
		};
/* End PBXResourcesBuildPhase section */

/* Begin PBXSourcesBuildPhase section */
		80D49BD827F28D75000B9191 /* Sources */ = {
			isa = PBXSourcesBuildPhase;
			buildActionMask = 2147483647;
			files = (
				80D49BE227F28D75000B9191 /* MusicStackView.swift in Sources */,
				8082E0E527F3C10600C54E4F /* ExtensionOnView.swift in Sources */,
				80D49BE027F28D75000B9191 /* RoddiMobileMusicApp.swift in Sources */,
				8097351227F689A200115C16 /* ExtensionOnLinearGradient.swift in Sources */,
				80D49BF027F2924F000B9191 /* Album.swift in Sources */,
				8082E0E927F3D13D00C54E4F /* Home.swift in Sources */,
				8082E0E727F3C1D700C54E4F /* ExtensionOnColor.swift in Sources */,
				80AC5EEB27F9032D005765E0 /* OffsetModifier.swift in Sources */,
				802FFC8E27F7B026007BFCF3 /* ArtistHome.swift in Sources */,
				802FFC8C27F7A953007BFCF3 /* ArtistPage.swift in Sources */,
			);
			runOnlyForDeploymentPostprocessing = 0;
		};
/* End PBXSourcesBuildPhase section */

/* Begin XCBuildConfiguration section */
		80D49BE827F28D76000B9191 /* Debug */ = {
			isa = XCBuildConfiguration;
			buildSettings = {
				ALWAYS_SEARCH_USER_PATHS = NO;
				CLANG_ANALYZER_NONNULL = YES;
				CLANG_ANALYZER_NUMBER_OBJECT_CONVERSION = YES_AGGRESSIVE;
				CLANG_CXX_LANGUAGE_STANDARD = "gnu++17";
				CLANG_ENABLE_MODULES = YES;
				CLANG_ENABLE_OBJC_ARC = YES;
				CLANG_ENABLE_OBJC_WEAK = YES;
				CLANG_WARN_BLOCK_CAPTURE_AUTORELEASING = YES;
				CLANG_WARN_BOOL_CONVERSION = YES;
				CLANG_WARN_COMMA = YES;
				CLANG_WARN_CONSTANT_CONVERSION = YES;
				CLANG_WARN_DEPRECATED_OBJC_IMPLEMENTATIONS = YES;
				CLANG_WARN_DIRECT_OBJC_ISA_USAGE = YES_ERROR;
				CLANG_WARN_DOCUMENTATION_COMMENTS = YES;
				CLANG_WARN_EMPTY_BODY = YES;
				CLANG_WARN_ENUM_CONVERSION = YES;
				CLANG_WARN_INFINITE_RECURSION = YES;
				CLANG_WARN_INT_CONVERSION = YES;
				CLANG_WARN_NON_LITERAL_NULL_CONVERSION = YES;
				CLANG_WARN_OBJC_IMPLICIT_RETAIN_SELF = YES;
				CLANG_WARN_OBJC_LITERAL_CONVERSION = YES;
				CLANG_WARN_OBJC_ROOT_CLASS = YES_ERROR;
				CLANG_WARN_QUOTED_INCLUDE_IN_FRAMEWORK_HEADER = YES;
				CLANG_WARN_RANGE_LOOP_ANALYSIS = YES;
				CLANG_WARN_STRICT_PROTOTYPES = YES;
				CLANG_WARN_SUSPICIOUS_MOVE = YES;
				CLANG_WARN_UNGUARDED_AVAILABILITY = YES_AGGRESSIVE;
				CLANG_WARN_UNREACHABLE_CODE = YES;
				CLANG_WARN__DUPLICATE_METHOD_MATCH = YES;
				COPY_PHASE_STRIP = NO;
				DEBUG_INFORMATION_FORMAT = dwarf;
				ENABLE_STRICT_OBJC_MSGSEND = YES;
				ENABLE_TESTABILITY = YES;
				GCC_C_LANGUAGE_STANDARD = gnu11;
				GCC_DYNAMIC_NO_PIC = NO;
				GCC_NO_COMMON_BLOCKS = YES;
				GCC_OPTIMIZATION_LEVEL = 0;
				GCC_PREPROCESSOR_DEFINITIONS = (
					"DEBUG=1",
					"$(inherited)",
				);
				GCC_WARN_64_TO_32_BIT_CONVERSION = YES;
				GCC_WARN_ABOUT_RETURN_TYPE = YES_ERROR;
				GCC_WARN_UNDECLARED_SELECTOR = YES;
				GCC_WARN_UNINITIALIZED_AUTOS = YES_AGGRESSIVE;
				GCC_WARN_UNUSED_FUNCTION = YES;
				GCC_WARN_UNUSED_VARIABLE = YES;
				IPHONEOS_DEPLOYMENT_TARGET = 15.4;
				MTL_ENABLE_DEBUG_INFO = INCLUDE_SOURCE;
				MTL_FAST_MATH = YES;
				ONLY_ACTIVE_ARCH = YES;
				SDKROOT = iphoneos;
				SWIFT_ACTIVE_COMPILATION_CONDITIONS = DEBUG;
				SWIFT_OPTIMIZATION_LEVEL = "-Onone";
			};
			name = Debug;
		};
		80D49BE927F28D76000B9191 /* Release */ = {
			isa = XCBuildConfiguration;
			buildSettings = {
				ALWAYS_SEARCH_USER_PATHS = NO;
				CLANG_ANALYZER_NONNULL = YES;
				CLANG_ANALYZER_NUMBER_OBJECT_CONVERSION = YES_AGGRESSIVE;
				CLANG_CXX_LANGUAGE_STANDARD = "gnu++17";
				CLANG_ENABLE_MODULES = YES;
				CLANG_ENABLE_OBJC_ARC = YES;
				CLANG_ENABLE_OBJC_WEAK = YES;
				CLANG_WARN_BLOCK_CAPTURE_AUTORELEASING = YES;
				CLANG_WARN_BOOL_CONVERSION = YES;
				CLANG_WARN_COMMA = YES;
				CLANG_WARN_CONSTANT_CONVERSION = YES;
				CLANG_WARN_DEPRECATED_OBJC_IMPLEMENTATIONS = YES;
				CLANG_WARN_DIRECT_OBJC_ISA_USAGE = YES_ERROR;
				CLANG_WARN_DOCUMENTATION_COMMENTS = YES;
				CLANG_WARN_EMPTY_BODY = YES;
				CLANG_WARN_ENUM_CONVERSION = YES;
				CLANG_WARN_INFINITE_RECURSION = YES;
				CLANG_WARN_INT_CONVERSION = YES;
				CLANG_WARN_NON_LITERAL_NULL_CONVERSION = YES;
				CLANG_WARN_OBJC_IMPLICIT_RETAIN_SELF = YES;
				CLANG_WARN_OBJC_LITERAL_CONVERSION = YES;
				CLANG_WARN_OBJC_ROOT_CLASS = YES_ERROR;
				CLANG_WARN_QUOTED_INCLUDE_IN_FRAMEWORK_HEADER = YES;
				CLANG_WARN_RANGE_LOOP_ANALYSIS = YES;
				CLANG_WARN_STRICT_PROTOTYPES = YES;
				CLANG_WARN_SUSPICIOUS_MOVE = YES;
				CLANG_WARN_UNGUARDED_AVAILABILITY = YES_AGGRESSIVE;
				CLANG_WARN_UNREACHABLE_CODE = YES;
				CLANG_WARN__DUPLICATE_METHOD_MATCH = YES;
				COPY_PHASE_STRIP = NO;
				DEBUG_INFORMATION_FORMAT = "dwarf-with-dsym";
				ENABLE_NS_ASSERTIONS = NO;
				ENABLE_STRICT_OBJC_MSGSEND = YES;
				GCC_C_LANGUAGE_STANDARD = gnu11;
				GCC_NO_COMMON_BLOCKS = YES;
				GCC_WARN_64_TO_32_BIT_CONVERSION = YES;
				GCC_WARN_ABOUT_RETURN_TYPE = YES_ERROR;
				GCC_WARN_UNDECLARED_SELECTOR = YES;
				GCC_WARN_UNINITIALIZED_AUTOS = YES_AGGRESSIVE;
				GCC_WARN_UNUSED_FUNCTION = YES;
				GCC_WARN_UNUSED_VARIABLE = YES;
				IPHONEOS_DEPLOYMENT_TARGET = 15.4;
				MTL_ENABLE_DEBUG_INFO = NO;
				MTL_FAST_MATH = YES;
				SDKROOT = iphoneos;
				SWIFT_COMPILATION_MODE = wholemodule;
				SWIFT_OPTIMIZATION_LEVEL = "-O";
				VALIDATE_PRODUCT = YES;
			};
			name = Release;
		};
		80D49BEB27F28D76000B9191 /* Debug */ = {
			isa = XCBuildConfiguration;
			buildSettings = {
				ASSETCATALOG_COMPILER_APPICON_NAME = AppIcon;
				ASSETCATALOG_COMPILER_GLOBAL_ACCENT_COLOR_NAME = AccentColor;
				CODE_SIGN_STYLE = Automatic;
				CURRENT_PROJECT_VERSION = 1;
				DEVELOPMENT_ASSET_PATHS = "\"RoddiMobileMusic/Preview Content\"";
				DEVELOPMENT_TEAM = ZD3ZX8KHC6;
				ENABLE_PREVIEWS = YES;
				GENERATE_INFOPLIST_FILE = YES;
				INFOPLIST_KEY_UIApplicationSceneManifest_Generation = YES;
				INFOPLIST_KEY_UIApplicationSupportsIndirectInputEvents = YES;
				INFOPLIST_KEY_UILaunchScreen_Generation = YES;
				INFOPLIST_KEY_UISupportedInterfaceOrientations_iPad = "UIInterfaceOrientationPortrait UIInterfaceOrientationPortraitUpsideDown UIInterfaceOrientationLandscapeLeft UIInterfaceOrientationLandscapeRight";
				INFOPLIST_KEY_UISupportedInterfaceOrientations_iPhone = "UIInterfaceOrientationPortrait UIInterfaceOrientationLandscapeLeft UIInterfaceOrientationLandscapeRight";
				LD_RUNPATH_SEARCH_PATHS = (
					"$(inherited)",
					"@executable_path/Frameworks",
				);
				MARKETING_VERSION = 1.0;
				PRODUCT_BUNDLE_IDENTIFIER = supernovaonline.RoddiMobileMusic;
				PRODUCT_NAME = "$(TARGET_NAME)";
				SWIFT_EMIT_LOC_STRINGS = YES;
				SWIFT_VERSION = 5.0;
				TARGETED_DEVICE_FAMILY = "1,2";
			};
			name = Debug;
		};
		80D49BEC27F28D76000B9191 /* Release */ = {
			isa = XCBuildConfiguration;
			buildSettings = {
				ASSETCATALOG_COMPILER_APPICON_NAME = AppIcon;
				ASSETCATALOG_COMPILER_GLOBAL_ACCENT_COLOR_NAME = AccentColor;
				CODE_SIGN_STYLE = Automatic;
				CURRENT_PROJECT_VERSION = 1;
				DEVELOPMENT_ASSET_PATHS = "\"RoddiMobileMusic/Preview Content\"";
				DEVELOPMENT_TEAM = ZD3ZX8KHC6;
				ENABLE_PREVIEWS = YES;
				GENERATE_INFOPLIST_FILE = YES;
				INFOPLIST_KEY_UIApplicationSceneManifest_Generation = YES;
				INFOPLIST_KEY_UIApplicationSupportsIndirectInputEvents = YES;
				INFOPLIST_KEY_UILaunchScreen_Generation = YES;
				INFOPLIST_KEY_UISupportedInterfaceOrientations_iPad = "UIInterfaceOrientationPortrait UIInterfaceOrientationPortraitUpsideDown UIInterfaceOrientationLandscapeLeft UIInterfaceOrientationLandscapeRight";
				INFOPLIST_KEY_UISupportedInterfaceOrientations_iPhone = "UIInterfaceOrientationPortrait UIInterfaceOrientationLandscapeLeft UIInterfaceOrientationLandscapeRight";
				LD_RUNPATH_SEARCH_PATHS = (
					"$(inherited)",
					"@executable_path/Frameworks",
				);
				MARKETING_VERSION = 1.0;
				PRODUCT_BUNDLE_IDENTIFIER = supernovaonline.RoddiMobileMusic;
				PRODUCT_NAME = "$(TARGET_NAME)";
				SWIFT_EMIT_LOC_STRINGS = YES;
				SWIFT_VERSION = 5.0;
				TARGETED_DEVICE_FAMILY = "1,2";
			};
			name = Release;
		};
/* End XCBuildConfiguration section */

/* Begin XCConfigurationList section */
		80D49BD727F28D74000B9191 /* Build configuration list for PBXProject "RoddiMobileMusic" */ = {
			isa = XCConfigurationList;
			buildConfigurations = (
				80D49BE827F28D76000B9191 /* Debug */,
				80D49BE927F28D76000B9191 /* Release */,
			);
			defaultConfigurationIsVisible = 0;
			defaultConfigurationName = Release;
		};
		80D49BEA27F28D76000B9191 /* Build configuration list for PBXNativeTarget "RoddiMobileMusic" */ = {
			isa = XCConfigurationList;
			buildConfigurations = (
				80D49BEB27F28D76000B9191 /* Debug */,
				80D49BEC27F28D76000B9191 /* Release */,
			);
			defaultConfigurationIsVisible = 0;
			defaultConfigurationName = Release;
		};
/* End XCConfigurationList section */
	};
	rootObject = 80D49BD427F28D74000B9191 /* Project object */;
}
